
Microsoft Visual Studio Solution File, Format Version 12.00
# Visual Studio Version 17
VisualStudioVersion = 17.0.31903.59
MinimumVisualStudioVersion = 10.0.40219.1
Project("{2150E333-8FDC-42A3-9474-1A3956D46DE8}") = "src", "src", "{827E0CD3-B72D-47B6-A68D-7590B98EB39B}"
EndProject
Project("{FAE04EC0-301F-11D3-BF4B-00C04F79EFBC}") = "OrderProcessing.Contracts", "src\OrderProcessing.Contracts\OrderProcessing.Contracts.csproj", "{B6FCBC80-92FF-42D2-8413-A946A10CC474}"
EndProject
Project("{FAE04EC0-301F-11D3-BF4B-00C04F79EFBC}") = "Order.Api", "src\Order.Api\Order.Api.csproj", "{7A2892AD-89F5-4172-936B-EE2E38738BD3}"
EndProject
Project("{FAE04EC0-301F-11D3-BF4B-00C04F79EFBC}") = "Payment.Worker", "src\Payment.Worker\Payment.Worker.csproj", "{A32C4D8F-9DC6-4F6F-8235-236364582B3B}"
EndProject
Project("{FAE04EC0-301F-11D3-BF4B-00C04F79EFBC}") = "Inventory.Worker", "src\Inventory.Worker\Inventory.Worker.csproj", "{B07B4098-1738-4D1C-8F63-4BA4FA07592C}"
EndProject
Global
	GlobalSection(SolutionConfigurationPlatforms) = preSolution
		Debug|Any CPU = Debug|Any CPU
		Debug|x64 = Debug|x64
		Debug|x86 = Debug|x86
		Release|Any CPU = Release|Any CPU
		Release|x64 = Release|x64
		Release|x86 = Release|x86
	EndGlobalSection
	GlobalSection(ProjectConfigurationPlatforms) = postSolution
		{B6FCBC80-92FF-42D2-8413-A946A10CC474}.Debug|Any CPU.ActiveCfg = Debug|Any CPU
		{B6FCBC80-92FF-42D2-8413-A946A10CC474}.Debug|Any CPU.Build.0 = Debug|Any CPU
		{B6FCBC80-92FF-42D2-8413-A946A10CC474}.Debug|x64.ActiveCfg = Debug|Any CPU
		{B6FCBC80-92FF-42D2-8413-A946A10CC474}.Debug|x64.Build.0 = Debug|Any CPU
		{B6FCBC80-92FF-42D2-8413-A946A10CC474}.Debug|x86.ActiveCfg = Debug|Any CPU
		{B6FCBC80-92FF-42D2-8413-A946A10CC474}.Debug|x86.Build.0 = Debug|Any CPU
		{B6FCBC80-92FF-42D2-8413-A946A10CC474}.Release|Any CPU.ActiveCfg = Release|Any CPU
		{B6FCBC80-92FF-42D2-8413-A946A10CC474}.Release|Any CPU.Build.0 = Release|Any CPU
		{B6FCBC80-92FF-42D2-8413-A946A10CC474}.Release|x64.ActiveCfg = Release|Any CPU
		{B6FCBC80-92FF-42D2-8413-A946A10CC474}.Release|x64.Build.0 = Release|Any CPU
		{B6FCBC80-92FF-42D2-8413-A946A10CC474}.Release|x86.ActiveCfg = Release|Any CPU
		{B6FCBC80-92FF-42D2-8413-A946A10CC474}.Release|x86.Build.0 = Release|Any CPU
		{7A2892AD-89F5-4172-936B-EE2E38738BD3}.Debug|Any CPU.ActiveCfg = Debug|Any CPU
		{7A2892AD-89F5-4172-936B-EE2E38738BD3}.Debug|Any CPU.Build.0 = Debug|Any CPU
		{7A2892AD-89F5-4172-936B-EE2E38738BD3}.Debug|x64.ActiveCfg = Debug|Any CPU
		{7A2892AD-89F5-4172-936B-EE2E38738BD3}.Debug|x64.Build.0 = Debug|Any CPU
		{7A2892AD-89F5-4172-936B-EE2E38738BD3}.Debug|x86.ActiveCfg = Debug|Any CPU
		{7A2892AD-89F5-4172-936B-EE2E38738BD3}.Debug|x86.Build.0 = Debug|Any CPU
		{7A2892AD-89F5-4172-936B-EE2E38738BD3}.Release|Any CPU.ActiveCfg = Release|Any CPU
		{7A2892AD-89F5-4172-936B-EE2E38738BD3}.Release|Any CPU.Build.0 = Release|Any CPU
		{7A2892AD-89F5-4172-936B-EE2E38738BD3}.Release|x64.ActiveCfg = Release|Any CPU
		{7A2892AD-89F5-4172-936B-EE2E38738BD3}.Release|x64.Build.0 = Release|Any CPU
		{7A2892AD-89F5-4172-936B-EE2E38738BD3}.Release|x86.ActiveCfg = Release|Any CPU
		{7A2892AD-89F5-4172-936B-EE2E38738BD3}.Release|x86.Build.0 = Release|Any CPU
		{A32C4D8F-9DC6-4F6F-8235-236364582B3B}.Debug|Any CPU.ActiveCfg = Debug|Any CPU
		{A32C4D8F-9DC6-4F6F-8235-236364582B3B}.Debug|Any CPU.Build.0 = Debug|Any CPU
		{A32C4D8F-9DC6-4F6F-8235-236364582B3B}.Debug|x64.ActiveCfg = Debug|Any CPU
		{A32C4D8F-9DC6-4F6F-8235-236364582B3B}.Debug|x64.Build.0 = Debug|Any CPU
		{A32C4D8F-9DC6-4F6F-8235-236364582B3B}.Debug|x86.ActiveCfg = Debug|Any CPU
		{A32C4D8F-9DC6-4F6F-8235-236364582B3B}.Debug|x86.Build.0 = Debug|Any CPU
		{A32C4D8F-9DC6-4F6F-8235-236364582B3B}.Release|Any CPU.ActiveCfg = Release|Any CPU
		{A32C4D8F-9DC6-4F6F-8235-236364582B3B}.Release|Any CPU.Build.0 = Release|Any CPU
		{A32C4D8F-9DC6-4F6F-8235-236364582B3B}.Release|x64.ActiveCfg = Release|Any CPU
		{A32C4D8F-9DC6-4F6F-8235-236364582B3B}.Release|x64.Build.0 = Release|Any CPU
		{A32C4D8F-9DC6-4F6F-8235-236364582B3B}.Release|x86.ActiveCfg = Release|Any CPU
		{A32C4D8F-9DC6-4F6F-8235-236364582B3B}.Release|x86.Build.0 = Release|Any CPU
		{B07B4098-1738-4D1C-8F63-4BA4FA07592C}.Debug|Any CPU.ActiveCfg = Debug|Any CPU
		{B07B4098-1738-4D1C-8F63-4BA4FA07592C}.Debug|Any CPU.Build.0 = Debug|Any CPU
		{B07B4098-1738-4D1C-8F63-4BA4FA07592C}.Debug|x64.ActiveCfg = Debug|Any CPU
		{B07B4098-1738-4D1C-8F63-4BA4FA07592C}.Debug|x64.Build.0 = Debug|Any CPU
		{B07B4098-1738-4D1C-8F63-4BA4FA07592C}.Debug|x86.ActiveCfg = Debug|Any CPU
		{B07B4098-1738-4D1C-8F63-4BA4FA07592C}.Debug|x86.Build.0 = Debug|Any CPU
		{B07B4098-1738-4D1C-8F63-4BA4FA07592C}.Release|Any CPU.ActiveCfg = Release|Any CPU
		{B07B4098-1738-4D1C-8F63-4BA4FA07592C}.Release|Any CPU.Build.0 = Release|Any CPU
		{B07B4098-1738-4D1C-8F63-4BA4FA07592C}.Release|x64.ActiveCfg = Release|Any CPU
		{B07B4098-1738-4D1C-8F63-4BA4FA07592C}.Release|x64.Build.0 = Release|Any CPU
		{B07B4098-1738-4D1C-8F63-4BA4FA07592C}.Release|x86.ActiveCfg = Release|Any CPU
		{B07B4098-1738-4D1C-8F63-4BA4FA07592C}.Release|x86.Build.0 = Release|Any CPU
	EndGlobalSection
	GlobalSection(SolutionProperties) = preSolution
		HideSolutionNode = FALSE
	EndGlobalSection
	GlobalSection(NestedProjects) = preSolution
		{B6FCBC80-92FF-42D2-8413-A946A10CC474} = {827E0CD3-B72D-47B6-A68D-7590B98EB39B}
		{7A2892AD-89F5-4172-936B-EE2E38738BD3} = {827E0CD3-B72D-47B6-A68D-7590B98EB39B}
		{A32C4D8F-9DC6-4F6F-8235-236364582B3B} = {827E0CD3-B72D-47B6-A68D-7590B98EB39B}
		{B07B4098-1738-4D1C-8F63-4BA4FA07592C} = {827E0CD3-B72D-47B6-A68D-7590B98EB39B}
	EndGlobalSection
EndGlobal
